
Microsoft Visual Studio Solution File, Format Version 12.00
# Visual Studio 15
VisualStudioVersion = 15.0.27703.2018
MinimumVisualStudioVersion = 10.0.40219.1
Project("{FAE04EC0-301F-11D3-BF4B-00C04F79EFBC}") = "OdeToFood", "OdeToFood\OdeToFood.csproj", "{1165EDA7-838A-4DDF-BECA-11A4D49274D1}"
EndProject
Project("{E53339B2-1760-4266-BCC7-CA923CBCF16C}") = "docker-compose", "docker-compose.dcproj", "{61D987D8-BD9E-4CFE-979A-6C47C534FF4C}"
EndProject
Global
	GlobalSection(SolutionConfigurationPlatforms) = preSolution
		Debug|Any CPU = Debug|Any CPU
		Release|Any CPU = Release|Any CPU
	EndGlobalSection
	GlobalSection(ProjectConfigurationPlatforms) = postSolution
		{1165EDA7-838A-4DDF-BECA-11A4D49274D1}.Debug|Any CPU.ActiveCfg = Debug|Any CPU
		{1165EDA7-838A-4DDF-BECA-11A4D49274D1}.Debug|Any CPU.Build.0 = Debug|Any CPU
		{1165EDA7-838A-4DDF-BECA-11A4D49274D1}.Release|Any CPU.ActiveCfg = Release|Any CPU
		{1165EDA7-838A-4DDF-BECA-11A4D49274D1}.Release|Any CPU.Build.0 = Release|Any CPU
		{61D987D8-BD9E-4CFE-979A-6C47C534FF4C}.Debug|Any CPU.ActiveCfg = Debug|Any CPU
		{61D987D8-BD9E-4CFE-979A-6C47C534FF4C}.Debug|Any CPU.Build.0 = Debug|Any CPU
		{61D987D8-BD9E-4CFE-979A-6C47C534FF4C}.Release|Any CPU.ActiveCfg = Release|Any CPU
		{61D987D8-BD9E-4CFE-979A-6C47C534FF4C}.Release|Any CPU.Build.0 = Release|Any CPU
	EndGlobalSection
	GlobalSection(SolutionProperties) = preSolution
		HideSolutionNode = FALSE
	EndGlobalSection
	GlobalSection(ExtensibilityGlobals) = postSolution
		SolutionGuid = {703B6D55-339E-4F1E-8917-6236B252ED88}
	EndGlobalSection
EndGlobal
